{
  "version": 4,
  "terraform_version": "1.9.6",
  "serial": 55,
  "lineage": "78bbdb3d-d051-3ad3-4498-df994c47d2de",
  "outputs": {},
  "resources": [
    {
      "mode": "managed",
      "type": "alicloud_instance",
      "name": "instance",
      "provider": "provider[\"registry.terraform.io/hashicorp/alicloud\"]",
      "instances": [
        {
          "schema_version": 0,
          "attributes": {
            "allocate_public_ip": null,
            "auto_release_time": "",
            "auto_renew_period": null,
            "availability_zone": "cn-beijing-a",
            "cpu": 2,
            "credit_specification": "",
            "data_disks": [],
            "dedicated_host_id": "",
            "deletion_protection": false,
            "deployment_set_group_no": null,
            "deployment_set_id": "",
            "description": "",
            "dry_run": false,
            "enable_jumbo_frame": false,
            "force_delete": null,
            "host_name": "iZ2zeb932udec0uxab9ky5Z",
            "hpc_cluster_id": "",
            "http_endpoint": "",
            "http_put_response_hop_limit": 0,
            "http_tokens": "",
            "id": "i-2zeb932udec0uxab9ky5",
            "image_id": "aliyun_3_x64_20G_alibase_20221102.vhd",
            "include_data_disks": null,
            "instance_charge_type": "PostPaid",
            "instance_name": "cloud-ops-1-instance",
            "instance_type": "ecs.g6.large",
            "internet_charge_type": "PayByTraffic",
            "internet_max_bandwidth_in": 1000,
            "internet_max_bandwidth_out": 10,
            "io_optimized": null,
            "ipv6_address_count": 0,
            "ipv6_addresses": [],
            "is_outdated": null,
            "key_name": "",
            "kms_encrypted_password": null,
            "kms_encryption_context": null,
            "launch_template_id": null,
            "launch_template_name": null,
            "launch_template_version": null,
            "maintenance_action": "AutoRecover",
            "maintenance_notify": false,
            "maintenance_time": [],
            "memory": 8192,
            "network_card_index": null,
            "network_interface_id": "eni-2zedqfsklqodgsepkq3y",
            "network_interface_traffic_mode": "Standard",
            "network_interfaces": [],
            "operator_type": null,
            "os_name": "Alibaba Cloud Linux  3.2104 LTS 64位",
            "os_type": "linux",
            "password": "",
            "period": null,
            "period_unit": null,
            "primary_ip_address": "172.16.0.238",
            "private_ip": "172.16.0.238",
            "public_ip": "47.93.241.86",
            "queue_pair_number": 0,
            "renewal_status": null,
            "resource_group_id": "",
            "role_name": null,
            "secondary_private_ip_address_count": 0,
            "secondary_private_ips": [],
            "security_enhancement_strategy": null,
            "security_groups": [
              "sg-2zef58gvd2xau6iq3046"
            ],
            "spot_duration": 0,
            "spot_price_limit": 0,
            "spot_strategy": "NoSpot",
            "status": "Running",
            "stopped_mode": "Not-applicable",
            "subnet_id": "vsw-2ze12jovgc0axcrrteqbi",
            "system_disk_auto_snapshot_policy_id": "",
            "system_disk_category": "cloud_efficiency",
            "system_disk_description": "我是系统盘",
            "system_disk_encrypt_algorithm": null,
            "system_disk_encrypted": false,
            "system_disk_id": "d-2ze268ewnqz2e1xlalfe",
            "system_disk_kms_key_id": "",
            "system_disk_name": "cloud-ops-1-system",
            "system_disk_performance_level": "",
            "system_disk_size": 40,
            "system_disk_storage_cluster_id": "",
            "tags": null,
            "timeouts": null,
            "user_data": "",
            "volume_tags": {},
            "vpc_id": "vpc-2zepzil66ksv6zm69fll1",
            "vswitch_id": "vsw-2ze12jovgc0axcrrteqbi"
          },
          "sensitive_attributes": [
            [
              {
                "type": "get_attr",
                "value": "password"
              }
            ]
          ],
          "private": "eyJlMmJmYjczMC1lY2FhLTExZTYtOGY4OC0zNDM2M2JjN2M0YzAiOnsiY3JlYXRlIjo2MDAwMDAwMDAwMDAsImRlbGV0ZSI6MTIwMDAwMDAwMDAwMCwidXBkYXRlIjo2MDAwMDAwMDAwMDB9fQ==",
          "dependencies": [
            "alicloud_security_group.sg",
            "alicloud_vpc.vpc",
            "alicloud_vswitch.vswitch"
          ]
        }
      ]
    },
    {
      "mode": "managed",
      "type": "alicloud_security_group",
      "name": "sg",
      "provider": "provider[\"registry.terraform.io/hashicorp/alicloud\"]",
      "instances": [
        {
          "schema_version": 0,
          "attributes": {
            "description": "我是安全组",
            "id": "sg-2zef58gvd2xau6iq3046",
            "inner_access": true,
            "inner_access_policy": "Accept",
            "name": "cloud-ops-1-group",
            "resource_group_id": "",
            "security_group_type": "normal",
            "tags": null,
            "timeouts": null,
            "vpc_id": "vpc-2zepzil66ksv6zm69fll1"
          },
          "sensitive_attributes": [],
          "private": "eyJlMmJmYjczMC1lY2FhLTExZTYtOGY4OC0zNDM2M2JjN2M0YzAiOnsiZGVsZXRlIjo2MDAwMDAwMDAwMDB9fQ==",
          "dependencies": [
            "alicloud_vpc.vpc"
          ]
        }
      ]
    },
    {
      "mode": "managed",
      "type": "alicloud_vpc",
      "name": "vpc",
      "provider": "provider[\"registry.terraform.io/hashicorp/alicloud\"]",
      "instances": [
        {
          "schema_version": 0,
          "attributes": {
            "cidr_block": "172.16.0.0/24",
            "classic_link_enabled": null,
            "create_time": "2024-10-20T14:00:09Z",
            "description": "",
            "dry_run": null,
            "enable_ipv6": false,
            "id": "vpc-2zepzil66ksv6zm69fll1",
            "ipv4_ipam_pool_id": null,
            "ipv6_cidr_block": "",
            "ipv6_cidr_blocks": [],
            "ipv6_isp": null,
            "is_default": null,
            "name": "cloud-ops-1-vpc",
            "resource_group_id": "rg-acfm2xt7fvs5u3i",
            "route_table_id": "vtb-2ze3vpimh9ipqk5etlddz",
            "router_id": "vrt-2ze1uso9l0gkgvtwcfmkm",
            "router_table_id": "vtb-2ze3vpimh9ipqk5etlddz",
            "secondary_cidr_blocks": [],
            "status": "Available",
            "system_route_table_description": "",
            "system_route_table_name": "",
            "tags": null,
            "timeouts": null,
            "user_cidrs": [],
            "vpc_name": "cloud-ops-1-vpc"
          },
          "sensitive_attributes": [],
          "private": "eyJlMmJmYjczMC1lY2FhLTExZTYtOGY4OC0zNDM2M2JjN2M0YzAiOnsiY3JlYXRlIjozMDAwMDAwMDAwMDAsImRlbGV0ZSI6MzAwMDAwMDAwMDAwLCJ1cGRhdGUiOjMwMDAwMDAwMDAwMH19"
        }
      ]
    },
    {
      "mode": "managed",
      "type": "alicloud_vswitch",
      "name": "vswitch",
      "provider": "provider[\"registry.terraform.io/hashicorp/alicloud\"]",
      "instances": [
        {
          "schema_version": 0,
          "attributes": {
            "availability_zone": "cn-beijing-a",
            "cidr_block": "172.16.0.0/24",
            "create_time": "2024-10-20T14:00:15Z",
            "description": "",
            "enable_ipv6": null,
            "id": "vsw-2ze12jovgc0axcrrteqbi",
            "ipv6_cidr_block": "",
            "ipv6_cidr_block_mask": null,
            "name": "cloud-ops-1-vswitch",
            "status": "Available",
            "tags": null,
            "timeouts": null,
            "vpc_id": "vpc-2zepzil66ksv6zm69fll1",
            "vswitch_name": "cloud-ops-1-vswitch",
            "zone_id": "cn-beijing-a"
          },
          "sensitive_attributes": [],
          "private": "eyJlMmJmYjczMC1lY2FhLTExZTYtOGY4OC0zNDM2M2JjN2M0YzAiOnsiY3JlYXRlIjozMDAwMDAwMDAwMDAsImRlbGV0ZSI6NjAwMDAwMDAwMDAwLCJ1cGRhdGUiOjMwMDAwMDAwMDAwMH19",
          "dependencies": [
            "alicloud_vpc.vpc"
          ]
        }
      ]
    }
  ],
  "check_results": null
}
